lockfileVersion: '6.0'

settings:
  autoInstallPeers: true
  excludeLinksFromLockfile: false

dependencies:
  '@tauri-apps/api':
    specifier: 2.0.0-alpha.5
    version: 2.0.0-alpha.5

packages:

  /@tauri-apps/api@2.0.0-alpha.5:
    resolution: {integrity: sha512-OqysC4c819itGxic50RoDMrmd+ofX+MMNkXKeRS0BV2rkKqrnuV17o3TrQXFI1xs/kXRmmPC+3Y42P9Y5uNvRg==}
    engines: {node: '>= 14.6.0', npm: '>= 6.6.0', yarn: '>= 1.19.1'}
    dev: false
