lockfileVersion: '6.0'

settings:
  autoInstallPeers: true
  excludeLinksFromLockfile: false

dependencies:
  '@tauri-apps/api':
    specifier: 2.0.0-alpha.11
    version: 2.0.0-alpha.11

packages:

  /@tauri-apps/api@2.0.0-alpha.11:
    resolution: {integrity: sha512-aw7jic+MQAe/LH4fYhbd3bwx3YjXhDIwqKJIn5QO4yKmGdVURIhZSFcyeKkSe4P6Itdto0Pcz99vLfkgBwdQKw==}
    engines: {node: '>= 18', npm: '>= 6.6.0', yarn: '>= 1.19.1'}
    dev: false
